
Microsoft Visual Studio Solution File, Format Version 12.00
# Visual Studio Version 17
VisualStudioVersion = 17.8.34728.176
MinimumVisualStudioVersion = 10.0.40219.1
Project("{00D1A9C2-B5F0-4AF3-8072-F6C62B433612}") = "CMSDataScripts", "CMSDataScripts.sqlproj", "{BE957D52-307D-4EBA-8B37-7016F8CD77E0}"
EndProject
Global
	GlobalSection(SolutionConfigurationPlatforms) = preSolution
		Debug|Any CPU = Debug|Any CPU
		Release|Any CPU = Release|Any CPU
	EndGlobalSection
	GlobalSection(ProjectConfigurationPlatforms) = postSolution
		{BE957D52-307D-4EBA-8B37-7016F8CD77E0}.Debug|Any CPU.ActiveCfg = Debug|Any CPU
		{BE957D52-307D-4EBA-8B37-7016F8CD77E0}.Debug|Any CPU.Build.0 = Debug|Any CPU
		{BE957D52-307D-4EBA-8B37-7016F8CD77E0}.Debug|Any CPU.Deploy.0 = Debug|Any CPU
		{BE957D52-307D-4EBA-8B37-7016F8CD77E0}.Release|Any CPU.ActiveCfg = Release|Any CPU
		{BE957D52-307D-4EBA-8B37-7016F8CD77E0}.Release|Any CPU.Build.0 = Release|Any CPU
		{BE957D52-307D-4EBA-8B37-7016F8CD77E0}.Release|Any CPU.Deploy.0 = Release|Any CPU
	EndGlobalSection
	GlobalSection(SolutionProperties) = preSolution
		HideSolutionNode = FALSE
	EndGlobalSection
	GlobalSection(ExtensibilityGlobals) = postSolution
		SolutionGuid = {A742C2D5-7D81-46BF-85CB-7BB68B70D28E}
	EndGlobalSection
EndGlobal
